
Microsoft Visual Studio Solution File, Format Version 12.00
# Visual Studio Version 17
VisualStudioVersion = 17.7.34202.233
MinimumVisualStudioVersion = 10.0.40219.1
Project("{8BC9CEB8-8B4A-11D0-8D11-00A0C91BC942}") = "RayTracer", "Source\RayTracer\RayTracer.vcxproj", "{394D0A52-3BA1-42B9-A56E-3DF3B9D0DC17}"
EndProject
Global
	GlobalSection(SolutionConfigurationPlatforms) = preSolution
		Debug|x64 = Debug|x64
		Debug|x86 = Debug|x86
		Release|x64 = Release|x64
		Release|x86 = Release|x86
	EndGlobalSection
	GlobalSection(ProjectConfigurationPlatforms) = postSolution
		{394D0A52-3BA1-42B9-A56E-3DF3B9D0DC17}.Debug|x64.ActiveCfg = Debug|x64
		{394D0A52-3BA1-42B9-A56E-3DF3B9D0DC17}.Debug|x64.Build.0 = Debug|x64
		{394D0A52-3BA1-42B9-A56E-3DF3B9D0DC17}.Debug|x86.ActiveCfg = Debug|Win32
		{394D0A52-3BA1-42B9-A56E-3DF3B9D0DC17}.Debug|x86.Build.0 = Debug|Win32
		{394D0A52-3BA1-42B9-A56E-3DF3B9D0DC17}.Release|x64.ActiveCfg = Release|x64
		{394D0A52-3BA1-42B9-A56E-3DF3B9D0DC17}.Release|x64.Build.0 = Release|x64
		{394D0A52-3BA1-42B9-A56E-3DF3B9D0DC17}.Release|x86.ActiveCfg = Release|Win32
		{394D0A52-3BA1-42B9-A56E-3DF3B9D0DC17}.Release|x86.Build.0 = Release|Win32
	EndGlobalSection
	GlobalSection(SolutionProperties) = preSolution
		HideSolutionNode = FALSE
	EndGlobalSection
	GlobalSection(ExtensibilityGlobals) = postSolution
		SolutionGuid = {5677BBFD-5160-483D-9B55-2BFFB6F2497B}
	EndGlobalSection
EndGlobal
